
Microsoft Visual Studio Solution File, Format Version 11.00
# Visual Studio 2010
Project("{FAE04EC0-301F-11D3-BF4B-00C04F79EFBC}") = "Arena Survival", "Assembly-CSharp.csproj", "{02D1C510-4ED5-A1E5-F7B6-7681523AA57B}"
EndProject
Project("{FAE04EC0-301F-11D3-BF4B-00C04F79EFBC}") = "Arena Survival", "Assembly-CSharp-Editor.csproj", "{15A6BA76-8FF0-0B5D-0B7F-12E553FB75A7}"
EndProject
Global
	GlobalSection(SolutionConfigurationPlatforms) = preSolution
		Debug|Any CPU = Debug|Any CPU
		Release|Any CPU = Release|Any CPU
	EndGlobalSection
	GlobalSection(ProjectConfigurationPlatforms) = postSolution
		{02D1C510-4ED5-A1E5-F7B6-7681523AA57B}.Debug|Any CPU.ActiveCfg = Debug|Any CPU
		{02D1C510-4ED5-A1E5-F7B6-7681523AA57B}.Debug|Any CPU.Build.0 = Debug|Any CPU
		{02D1C510-4ED5-A1E5-F7B6-7681523AA57B}.Release|Any CPU.ActiveCfg = Release|Any CPU
		{02D1C510-4ED5-A1E5-F7B6-7681523AA57B}.Release|Any CPU.Build.0 = Release|Any CPU
		{15A6BA76-8FF0-0B5D-0B7F-12E553FB75A7}.Debug|Any CPU.ActiveCfg = Debug|Any CPU
		{15A6BA76-8FF0-0B5D-0B7F-12E553FB75A7}.Debug|Any CPU.Build.0 = Debug|Any CPU
		{15A6BA76-8FF0-0B5D-0B7F-12E553FB75A7}.Release|Any CPU.ActiveCfg = Release|Any CPU
		{15A6BA76-8FF0-0B5D-0B7F-12E553FB75A7}.Release|Any CPU.Build.0 = Release|Any CPU
	EndGlobalSection
	GlobalSection(SolutionProperties) = preSolution
		HideSolutionNode = FALSE
	EndGlobalSection
	GlobalSection(MonoDevelopProperties) = preSolution
		StartupItem = Assembly-CSharp.csproj
	EndGlobalSection
EndGlobal
